<?xml version="1.0" encoding="utf-8"?>
<Project ToolsVersion="4.0" xmlns="http://schemas.microsoft.com/developer/msbuild/2003">
  <ItemGroup>
    <Filter Include="源文件">
      <UniqueIdentifier>{4FC737F1-C7A5-4376-A066-2A32D752A2FF}</UniqueIdentifier>
      <Extensions>cpp;c;cc;cxx;def;odl;idl;hpj;bat;asm;asmx</Extensions>
    </Filter>
    <Filter Include="头文件">
      <UniqueIdentifier>{93995380-89BD-4b04-88EB-625FBE52EBFB}</UniqueIdentifier>
      <Extensions>h;hh;hpp;hxx;hm;inl;inc;xsd</Extensions>
    </Filter>
    <Filter Include="资源文件">
      <UniqueIdentifier>{67DA6AB6-F800-4c08-8B7A-83BB121AAD01}</UniqueIdentifier>
      <Extensions>rc;ico;cur;bmp;dlg;rc2;rct;bin;rgs;gif;jpg;jpeg;jpe;resx;tiff;tif;png;wav;mfcribbon-ms</Extensions>
    </Filter>
    <Filter Include="头文件\UI">
      <UniqueIdentifier>{d8b20a79-3d84-44e3-adba-5bd6e2296da3}</UniqueIdentifier>
    </Filter>
    <Filter Include="源文件\UI">
      <UniqueIdentifier>{99ca3439-97a1-47cf-8864-b583cc323a3a}</UniqueIdentifier>
    </Filter>
  </ItemGroup>
  <ItemGroup>
    <Text Include="ReadMe.txt" />
  </ItemGroup>
  <ItemGroup>
    <ClInclude Include="ShaderEditor.h">
      <Filter>头文件</Filter>
    </ClInclude>
    <ClInclude Include="stdafx.h">
      <Filter>头文件</Filter>
    </ClInclude>
    <ClInclude Include="targetver.h">
      <Filter>头文件</Filter>
    </ClInclude>
    <ClInclude Include="MainFrm.h">
      <Filter>头文件</Filter>
    </ClInclude>
    <ClInclude Include="ShaderEditorDoc.h">
      <Filter>头文件</Filter>
    </ClInclude>
    <ClInclude Include="ShaderEditorView.h">
      <Filter>头文件</Filter>
    </ClInclude>
    <ClInclude Include="Resource.h">
      <Filter>头文件</Filter>
    </ClInclude>
    <ClInclude Include="Ulit.h">
      <Filter>头文件</Filter>
    </ClInclude>
    <ClInclude Include="D3D9DockWnd.h">
      <Filter>头文件</Filter>
    </ClInclude>
    <ClInclude Include="PropertyDockWnd.h">
      <Filter>头文件</Filter>
    </ClInclude>
    <ClInclude Include="ResourceMgrWnd.h">
      <Filter>头文件</Filter>
    </ClInclude>
    <ClInclude Include="ToolBoxWnd.h">
      <Filter>头文件</Filter>
    </ClInclude>
    <ClInclude Include="D3DView.h">
      <Filter>头文件</Filter>
    </ClInclude>
    <ClInclude Include="UI.h">
      <Filter>头文件\UI</Filter>
    </ClInclude>
    <ClInclude Include="UIMgr.h">
      <Filter>头文件\UI</Filter>
    </ClInclude>
    <ClInclude Include="UIMaterialNodeAppend.h">
      <Filter>头文件\UI</Filter>
    </ClInclude>
    <ClInclude Include="UIMaterialNodeWorldMatrix.h">
      <Filter>头文件\UI</Filter>
    </ClInclude>
    <ClInclude Include="UIMaterialNodeViewMatrix.h">
      <Filter>头文件\UI</Filter>
    </ClInclude>
    <ClInclude Include="UIMaterialNodeProjectMat.h">
      <Filter>头文件\UI</Filter>
    </ClInclude>
    <ClInclude Include="UIMaterialNodeWorldViewMatrix.h">
      <Filter>头文件\UI</Filter>
    </ClInclude>
    <ClInclude Include="UIMaterialNodeWorldViewProjMatrix.h">
      <Filter>头文件\UI</Filter>
    </ClInclude>
    <ClInclude Include="UIMaterialNodeInvWorldMatrix.h">
      <Filter>头文件\UI</Filter>
    </ClInclude>
    <ClInclude Include="UIMaterialNodeInvView.h">
      <Filter>头文件\UI</Filter>
    </ClInclude>
    <ClInclude Include="UIMaterialNodeInvProjMatrix.h">
      <Filter>头文件\UI</Filter>
    </ClInclude>
    <ClInclude Include="UIMaterialNodeInvWOrldViewMatrix.h">
      <Filter>头文件\UI</Filter>
    </ClInclude>
    <ClInclude Include="UIMaterialNodeInvWorldViewProjMatrix.h">
      <Filter>头文件\UI</Filter>
    </ClInclude>
    <ClInclude Include="UIMaterialNodeMatTranspose.h">
      <Filter>头文件\UI</Filter>
    </ClInclude>
    <ClInclude Include="UIMaterialNodeFloat.h">
      <Filter>头文件\UI</Filter>
    </ClInclude>
    <ClInclude Include="UIMaterialNodeFloat2.h">
      <Filter>头文件\UI</Filter>
    </ClInclude>
    <ClInclude Include="UIMaterialNodeFloat3.h">
      <Filter>头文件\UI</Filter>
    </ClInclude>
    <ClInclude Include="UIMaterialNodeFloat4.h">
      <Filter>头文件\UI</Filter>
    </ClInclude>
    <ClInclude Include="UIMaterialNodeSampler2D.h">
      <Filter>头文件\UI</Filter>
    </ClInclude>
    <ClInclude Include="UIMaterialNodeCross.h">
      <Filter>头文件\UI</Filter>
    </ClInclude>
    <ClInclude Include="UIMaterialNodeDot.h">
      <Filter>头文件\UI</Filter>
    </ClInclude>
    <ClInclude Include="UIMaterialNodeLength.h">
      <Filter>头文件\UI</Filter>
    </ClInclude>
    <ClInclude Include="UIMaterialNodeNormalize.h">
      <Filter>头文件\UI</Filter>
    </ClInclude>
    <ClInclude Include="UIMaterialNodeReflect.h">
      <Filter>头文件\UI</Filter>
    </ClInclude>
    <ClInclude Include="UIMaterialNodeDistance.h">
      <Filter>头文件\UI</Filter>
    </ClInclude>
    <ClInclude Include="UIMaterialNodeRefract.h">
      <Filter>头文件\UI</Filter>
    </ClInclude>
    <ClInclude Include="UIMaterialNodeTransofrm.h">
      <Filter>头文件\UI</Filter>
    </ClInclude>
    <ClInclude Include="UIMaterialNodeArcsin.h">
      <Filter>头文件\UI</Filter>
    </ClInclude>
    <ClInclude Include="UIMaterialNodeArccos.h">
      <Filter>头文件\UI</Filter>
    </ClInclude>
    <ClInclude Include="UIMaterialNodeArctan.h">
      <Filter>头文件\UI</Filter>
    </ClInclude>
    <ClInclude Include="UIMaterialNodeSin.h">
      <Filter>头文件\UI</Filter>
    </ClInclude>
    <ClInclude Include="UIMaterialNodeCos.h">
      <Filter>头文件\UI</Filter>
    </ClInclude>
    <ClInclude Include="UIMaterialNodeTan.h">
      <Filter>头文件\UI</Filter>
    </ClInclude>
    <ClInclude Include="UIMaterialNodeAbs.h">
      <Filter>头文件\UI</Filter>
    </ClInclude>
    <ClInclude Include="UIMaterialNodeDdx.h">
      <Filter>头文件\UI</Filter>
    </ClInclude>
    <ClInclude Include="UIMaterialNodeDdy.h">
      <Filter>头文件\UI</Filter>
    </ClInclude>
    <ClInclude Include="UIMaterialNodeDegree.h">
      <Filter>头文件\UI</Filter>
    </ClInclude>
    <ClInclude Include="UIMaterialNodeRadian.h">
      <Filter>头文件\UI</Filter>
    </ClInclude>
    <ClInclude Include="UIMaterialNodeFloor.h">
      <Filter>头文件\UI</Filter>
    </ClInclude>
    <ClInclude Include="UIMaterialNodeRound.h">
      <Filter>头文件\UI</Filter>
    </ClInclude>
    <ClInclude Include="UIMaterialNodeSqrt.h">
      <Filter>头文件\UI</Filter>
    </ClInclude>
    <ClInclude Include="UIMaterialNodeLogE.h">
      <Filter>头文件\UI</Filter>
    </ClInclude>
    <ClInclude Include="UIMaterialNodeLog2.h">
      <Filter>头文件\UI</Filter>
    </ClInclude>
    <ClInclude Include="UIMaterailNodeLog10.h">
      <Filter>头文件\UI</Filter>
    </ClInclude>
    <ClInclude Include="UIMaterialNodeExpE.h">
      <Filter>头文件\UI</Filter>
    </ClInclude>
    <ClInclude Include="UIMaterialNodeExp2.h">
      <Filter>头文件\UI</Filter>
    </ClInclude>
    <ClInclude Include="UIMaterialNodeReciprocal.h">
      <Filter>头文件\UI</Filter>
    </ClInclude>
    <ClInclude Include="UIMaterialNodeNoise.h">
      <Filter>头文件\UI</Filter>
    </ClInclude>
    <ClInclude Include="UIMaterialNodeCeil.h">
      <Filter>头文件\UI</Filter>
    </ClInclude>
    <ClInclude Include="UIMaterialNodeAdd.h">
      <Filter>头文件\UI</Filter>
    </ClInclude>
    <ClInclude Include="UIMaterialNodeDiv.h">
      <Filter>头文件\UI</Filter>
    </ClInclude>
    <ClInclude Include="UIMaterialNodeSub.h">
      <Filter>头文件\UI</Filter>
    </ClInclude>
    <ClInclude Include="UIMaterialNodeMul.h">
      <Filter>头文件\UI</Filter>
    </ClInclude>
    <ClInclude Include="UIMaterialNodeMax.h">
      <Filter>头文件\UI</Filter>
    </ClInclude>
    <ClInclude Include="UIMaterialNodeMin.h">
      <Filter>头文件\UI</Filter>
    </ClInclude>
    <ClInclude Include="UIMaterialNodePow.h">
      <Filter>头文件\UI</Filter>
    </ClInclude>
    <ClInclude Include="UIMaterialNodeFmod.h">
      <Filter>头文件\UI</Filter>
    </ClInclude>
    <ClInclude Include="UIMaterialNodeLerp.h">
      <Filter>头文件\UI</Filter>
    </ClInclude>
    <ClInclude Include="UIMaterialNodeSaturate.h">
      <Filter>头文件\UI</Filter>
    </ClInclude>
    <ClInclude Include="UIMaterialNodeLit.h">
      <Filter>头文件\UI</Filter>
    </ClInclude>
    <ClInclude Include="UIMaterialNodeClamp.h">
      <Filter>头文件\UI</Filter>
    </ClInclude>
    <ClInclude Include="LabelEditDlg.h">
      <Filter>头文件</Filter>
    </ClInclude>
    <ClInclude Include="FloatLabelDlg.h">
      <Filter>头文件</Filter>
    </ClInclude>
    <ClInclude Include="SamplerTexDlg.h">
      <Filter>头文件</Filter>
    </ClInclude>
    <ClInclude Include="InoutputDlg.h">
      <Filter>头文件</Filter>
    </ClInclude>
    <ClInclude Include="UIMaterialNodeInput.h">
      <Filter>头文件\UI</Filter>
    </ClInclude>
    <ClInclude Include="UIMaterialNodeOutput.h">
      <Filter>头文件\UI</Filter>
    </ClInclude>
    <ClInclude Include="CodeNodeDlg.h">
      <Filter>头文件</Filter>
    </ClInclude>
    <ClInclude Include="UIMaterialNodeCode.h">
      <Filter>头文件\UI</Filter>
    </ClInclude>
    <ClInclude Include="HLSLLexer.h">
      <Filter>头文件</Filter>
    </ClInclude>
    <ClInclude Include="LexState.h">
      <Filter>头文件</Filter>
    </ClInclude>
    <ClInclude Include="RenderSatateDlg.h">
      <Filter>头文件</Filter>
    </ClInclude>
  </ItemGroup>
  <ItemGroup>
    <ClCompile Include="ShaderEditor.cpp">
      <Filter>源文件</Filter>
    </ClCompile>
    <ClCompile Include="stdafx.cpp">
      <Filter>源文件</Filter>
    </ClCompile>
    <ClCompile Include="MainFrm.cpp">
      <Filter>源文件</Filter>
    </ClCompile>
    <ClCompile Include="ShaderEditorDoc.cpp">
      <Filter>源文件</Filter>
    </ClCompile>
    <ClCompile Include="ShaderEditorView.cpp">
      <Filter>源文件</Filter>
    </ClCompile>
    <ClCompile Include="D3D9DockWnd.cpp">
      <Filter>源文件</Filter>
    </ClCompile>
    <ClCompile Include="PropertyDockWnd.cpp">
      <Filter>源文件</Filter>
    </ClCompile>
    <ClCompile Include="ResourceMgrWnd.cpp">
      <Filter>源文件</Filter>
    </ClCompile>
    <ClCompile Include="ToolBoxWnd.cpp">
      <Filter>源文件</Filter>
    </ClCompile>
    <ClCompile Include="D3DView.cpp">
      <Filter>源文件</Filter>
    </ClCompile>
    <ClCompile Include="UI.cpp">
      <Filter>源文件\UI</Filter>
    </ClCompile>
    <ClCompile Include="UIMgr.cpp">
      <Filter>源文件\UI</Filter>
    </ClCompile>
    <ClCompile Include="LabelEditDlg.cpp">
      <Filter>源文件</Filter>
    </ClCompile>
    <ClCompile Include="FloatLabelDlg.cpp">
      <Filter>源文件</Filter>
    </ClCompile>
    <ClCompile Include="SamplerTexDlg.cpp">
      <Filter>源文件</Filter>
    </ClCompile>
    <ClCompile Include="InoutputDlg.cpp">
      <Filter>源文件</Filter>
    </ClCompile>
    <ClCompile Include="CodeNodeDlg.cpp">
      <Filter>源文件</Filter>
    </ClCompile>
    <ClCompile Include="HLSLLexer.cpp">
      <Filter>源文件</Filter>
    </ClCompile>
    <ClCompile Include="LexState.cpp">
      <Filter>源文件</Filter>
    </ClCompile>
    <ClCompile Include="RenderSatateDlg.cpp">
      <Filter>源文件</Filter>
    </ClCompile>
  </ItemGroup>
  <ItemGroup>
    <None Include="ShaderEditor.reg" />
    <None Include="res\ShaderEditor.rc2">
      <Filter>资源文件</Filter>
    </None>
    <None Include="ClassDiagram.cd" />
    <None Include="ClassDiagram1.cd" />
    <None Include="ClassDiagram2.cd" />
    <None Include="ClassDiagram3.cd" />
    <None Include="ClassDiagram4.cd" />
    <None Include="ClassDiagram5.cd" />
    <None Include="ClassDiagram6.cd" />
  </ItemGroup>
  <ItemGroup>
    <ResourceCompile Include="ShaderEditor.rc">
      <Filter>资源文件</Filter>
    </ResourceCompile>
  </ItemGroup>
  <ItemGroup>
    <Image Include="UserImages.bmp">
      <Filter>资源文件</Filter>
    </Image>
    <Image Include="res\ShaderEditorDoc.ico">
      <Filter>资源文件</Filter>
    </Image>
    <Image Include="res\ShaderEditor.ico">
      <Filter>资源文件</Filter>
    </Image>
    <Image Include="res\Toolbar.bmp">
      <Filter>资源文件</Filter>
    </Image>
    <Image Include="res\Toolbar256.bmp">
      <Filter>资源文件</Filter>
    </Image>
  </ItemGroup>
</Project>